
Microsoft Visual Studio Solution File, Format Version 12.00
# Visual Studio 15
VisualStudioVersion = 15.0.27703.2042
MinimumVisualStudioVersion = 10.0.40219.1
Project("{FAE04EC0-301F-11D3-BF4B-00C04F79EFBC}") = "AutoAPI", "AutoAPI\AutoAPI.csproj", "{3269D42E-90CF-4767-ADA0-C1C3D1D9E50E}"
EndProject
Global
	GlobalSection(SolutionConfigurationPlatforms) = preSolution
		Debug|Any CPU = Debug|Any CPU
		Release|Any CPU = Release|Any CPU
	EndGlobalSection
	GlobalSection(ProjectConfigurationPlatforms) = postSolution
		{3269D42E-90CF-4767-ADA0-C1C3D1D9E50E}.Debug|Any CPU.ActiveCfg = Debug|Any CPU
		{3269D42E-90CF-4767-ADA0-C1C3D1D9E50E}.Debug|Any CPU.Build.0 = Debug|Any CPU
		{3269D42E-90CF-4767-ADA0-C1C3D1D9E50E}.Release|Any CPU.ActiveCfg = Release|Any CPU
		{3269D42E-90CF-4767-ADA0-C1C3D1D9E50E}.Release|Any CPU.Build.0 = Release|Any CPU
	EndGlobalSection
	GlobalSection(SolutionProperties) = preSolution
		HideSolutionNode = FALSE
	EndGlobalSection
	GlobalSection(ExtensibilityGlobals) = postSolution
		SolutionGuid = {72160105-5196-494A-A4E2-F1536B622FA8}
	EndGlobalSection
EndGlobal
